# THIS IS AN AUTOGENERATED FILE. DO NOT EDIT THIS FILE DIRECTLY.
# yarn lockfile v1


classnames@^2.2.5:
  version "2.2.6"
  resolved "https://registry.yarnpkg.com/classnames/-/classnames-2.2.6.tgz#43935bffdd291f326dad0a205309b38d00f650ce"
  integrity sha512-JR/iSQOSt+LQIWwrwEzJ9uk0xfN3mTVYMwt1Ir5mUcSN6pU+V4zQFFaJsclJbPuAUQH+yfWef6tm7l1quW3C8Q==

core-js@^2.5.3:
  version "2.6.2"
  resolved "https://registry.yarnpkg.com/core-js/-/core-js-2.6.2.tgz#267988d7268323b349e20b4588211655f0e83944"
  integrity sha512-NdBPF/RVwPW6jr0NCILuyN9RiqLo2b1mddWHkUL+VnvcB7dzlnBJ1bXYntjpTGOgkZiiLWj2JxmOr7eGE3qK6g==

feather-icons@^4.10.0:
  version "4.10.0"
  resolved "https://registry.yarnpkg.com/feather-icons/-/feather-icons-4.10.0.tgz#5c2ba00ecf6f0529e99ab445d054fa6bd0b9c8d6"
  integrity sha512-oxAlPBN6nO5IkRg0+hOOm26lDCEREcNpTTqSKKp8bYMyqKK1OIAjlbxMvLz8tSkS/hToTBEb/IhqIyt/aP9Z3w==
  dependencies:
    classnames "^2.2.5"
    core-js "^2.5.3"

jquery@^3.3.1:
  version "3.3.1"
  resolved "https://registry.yarnpkg.com/jquery/-/jquery-3.3.1.tgz#958ce29e81c9790f31be7792df5d4d95fc57fbca"
  integrity sha512-Ubldcmxp5np52/ENotGxlLe6aGMvmF4R8S6tZjsP6Knsaxd/xp3Zrh50cG93lR6nPXyUFwzN3ZSOQI0wRJNdGg==
